
Microsoft Visual Studio Solution File, Format Version 12.00
# Visual Studio 15
VisualStudioVersion = 15.0.27703.2035
MinimumVisualStudioVersion = 10.0.40219.1
Project("{2150E333-8FDC-42A3-9474-1A3956D46DE8}") = "DAL", "DAL", "{F4BDB3DD-6712-42A9-9657-B82275FF974C}"
EndProject
Project("{FAE04EC0-301F-11D3-BF4B-00C04F79EFBC}") = "XXWx.Incomes.WebUI", "XXWx.Incomes.WebUI\XXWx.Incomes.WebUI.csproj", "{A7D62F1F-CED3-458A-97B8-DECBA4E3BE36}"
EndProject
Project("{2150E333-8FDC-42A3-9474-1A3956D46DE8}") = "Database", "Database", "{8C807BC6-0BE4-4DE5-AE46-420B286E065D}"
EndProject
Project("{FAE04EC0-301F-11D3-BF4B-00C04F79EFBC}") = "XXWx.Incoms.Model", "XXWx.Incoms.Model\XXWx.Incoms.Model.csproj", "{9E591FB4-656C-4C7F-B514-C409E47268B7}"
EndProject
Project("{FAE04EC0-301F-11D3-BF4B-00C04F79EFBC}") = "XXWx.Incoms.Repository", "XXWx.Incoms.Repository\XXWx.Incoms.Repository.csproj", "{0C3FDD92-918A-4C07-AA21-E5B302BC3B55}"
EndProject
Project("{FAE04EC0-301F-11D3-BF4B-00C04F79EFBC}") = "XXWx.Incoms.DAL.EfConnection", "XXWx.Incoms.DAL.EfConnection\XXWx.Incoms.DAL.EfConnection.csproj", "{F4C1B31D-29CC-4BE4-A315-22C446266354}"
EndProject
Project("{FAE04EC0-301F-11D3-BF4B-00C04F79EFBC}") = "XXWx.Incoms.BL", "XXWx.Incoms.BL\XXWx.Incoms.BL.csproj", "{FCFE1A9C-97C3-4479-8F9A-303AD7677DCB}"
EndProject
Project("{00D1A9C2-B5F0-4AF3-8072-F6C62B433612}") = "XWWx.Incoms.Databse.bankDB", "XWWx.Incoms.Databse.bankDB\XWWx.Incoms.Databse.bankDB.sqlproj", "{30DC652D-7FE2-4645-8B17-7216CA8EB549}"
EndProject
Global
	GlobalSection(SolutionConfigurationPlatforms) = preSolution
		Debug|Any CPU = Debug|Any CPU
		Release|Any CPU = Release|Any CPU
	EndGlobalSection
	GlobalSection(ProjectConfigurationPlatforms) = postSolution
		{A7D62F1F-CED3-458A-97B8-DECBA4E3BE36}.Debug|Any CPU.ActiveCfg = Debug|Any CPU
		{A7D62F1F-CED3-458A-97B8-DECBA4E3BE36}.Debug|Any CPU.Build.0 = Debug|Any CPU
		{A7D62F1F-CED3-458A-97B8-DECBA4E3BE36}.Release|Any CPU.ActiveCfg = Release|Any CPU
		{A7D62F1F-CED3-458A-97B8-DECBA4E3BE36}.Release|Any CPU.Build.0 = Release|Any CPU
		{9E591FB4-656C-4C7F-B514-C409E47268B7}.Debug|Any CPU.ActiveCfg = Debug|Any CPU
		{9E591FB4-656C-4C7F-B514-C409E47268B7}.Debug|Any CPU.Build.0 = Debug|Any CPU
		{9E591FB4-656C-4C7F-B514-C409E47268B7}.Release|Any CPU.ActiveCfg = Release|Any CPU
		{9E591FB4-656C-4C7F-B514-C409E47268B7}.Release|Any CPU.Build.0 = Release|Any CPU
		{0C3FDD92-918A-4C07-AA21-E5B302BC3B55}.Debug|Any CPU.ActiveCfg = Debug|Any CPU
		{0C3FDD92-918A-4C07-AA21-E5B302BC3B55}.Debug|Any CPU.Build.0 = Debug|Any CPU
		{0C3FDD92-918A-4C07-AA21-E5B302BC3B55}.Release|Any CPU.ActiveCfg = Release|Any CPU
		{0C3FDD92-918A-4C07-AA21-E5B302BC3B55}.Release|Any CPU.Build.0 = Release|Any CPU
		{F4C1B31D-29CC-4BE4-A315-22C446266354}.Debug|Any CPU.ActiveCfg = Debug|Any CPU
		{F4C1B31D-29CC-4BE4-A315-22C446266354}.Debug|Any CPU.Build.0 = Debug|Any CPU
		{F4C1B31D-29CC-4BE4-A315-22C446266354}.Release|Any CPU.ActiveCfg = Release|Any CPU
		{F4C1B31D-29CC-4BE4-A315-22C446266354}.Release|Any CPU.Build.0 = Release|Any CPU
		{FCFE1A9C-97C3-4479-8F9A-303AD7677DCB}.Debug|Any CPU.ActiveCfg = Debug|Any CPU
		{FCFE1A9C-97C3-4479-8F9A-303AD7677DCB}.Debug|Any CPU.Build.0 = Debug|Any CPU
		{FCFE1A9C-97C3-4479-8F9A-303AD7677DCB}.Release|Any CPU.ActiveCfg = Release|Any CPU
		{FCFE1A9C-97C3-4479-8F9A-303AD7677DCB}.Release|Any CPU.Build.0 = Release|Any CPU
		{30DC652D-7FE2-4645-8B17-7216CA8EB549}.Debug|Any CPU.ActiveCfg = Debug|Any CPU
		{30DC652D-7FE2-4645-8B17-7216CA8EB549}.Debug|Any CPU.Build.0 = Debug|Any CPU
		{30DC652D-7FE2-4645-8B17-7216CA8EB549}.Debug|Any CPU.Deploy.0 = Debug|Any CPU
		{30DC652D-7FE2-4645-8B17-7216CA8EB549}.Release|Any CPU.ActiveCfg = Release|Any CPU
		{30DC652D-7FE2-4645-8B17-7216CA8EB549}.Release|Any CPU.Build.0 = Release|Any CPU
		{30DC652D-7FE2-4645-8B17-7216CA8EB549}.Release|Any CPU.Deploy.0 = Release|Any CPU
	EndGlobalSection
	GlobalSection(SolutionProperties) = preSolution
		HideSolutionNode = FALSE
	EndGlobalSection
	GlobalSection(NestedProjects) = preSolution
		{8C807BC6-0BE4-4DE5-AE46-420B286E065D} = {F4BDB3DD-6712-42A9-9657-B82275FF974C}
		{9E591FB4-656C-4C7F-B514-C409E47268B7} = {F4BDB3DD-6712-42A9-9657-B82275FF974C}
		{0C3FDD92-918A-4C07-AA21-E5B302BC3B55} = {F4BDB3DD-6712-42A9-9657-B82275FF974C}
		{F4C1B31D-29CC-4BE4-A315-22C446266354} = {F4BDB3DD-6712-42A9-9657-B82275FF974C}
		{30DC652D-7FE2-4645-8B17-7216CA8EB549} = {8C807BC6-0BE4-4DE5-AE46-420B286E065D}
	EndGlobalSection
	GlobalSection(ExtensibilityGlobals) = postSolution
		SolutionGuid = {6E134474-A953-454A-BF67-73DAD6396ABD}
	EndGlobalSection
EndGlobal
